
Microsoft Visual Studio Solution File, Format Version 12.00
# Visual Studio Version 17
VisualStudioVersion = 17.10.35004.147
MinimumVisualStudioVersion = 10.0.40219.1
Project("{FAE04EC0-301F-11D3-BF4B-00C04F79EFBC}") = "Assignment1", "Assignment1\Assignment1.csproj", "{991A16F4-29BD-438F-8B35-9FBA491CD999}"
EndProject
Global
	GlobalSection(SolutionConfigurationPlatforms) = preSolution
		Debug|Any CPU = Debug|Any CPU
		Release|Any CPU = Release|Any CPU
	EndGlobalSection
	GlobalSection(ProjectConfigurationPlatforms) = postSolution
		{991A16F4-29BD-438F-8B35-9FBA491CD999}.Debug|Any CPU.ActiveCfg = Debug|Any CPU
		{991A16F4-29BD-438F-8B35-9FBA491CD999}.Debug|Any CPU.Build.0 = Debug|Any CPU
		{991A16F4-29BD-438F-8B35-9FBA491CD999}.Release|Any CPU.ActiveCfg = Release|Any CPU
		{991A16F4-29BD-438F-8B35-9FBA491CD999}.Release|Any CPU.Build.0 = Release|Any CPU
	EndGlobalSection
	GlobalSection(SolutionProperties) = preSolution
		HideSolutionNode = FALSE
	EndGlobalSection
	GlobalSection(ExtensibilityGlobals) = postSolution
		SolutionGuid = {54A1D86D-6D99-410D-A75E-FE70422B640E}
	EndGlobalSection
EndGlobal
